// !$*UTF8*$!
{
	archiveVersion = 1;
	classes = {
	};
	objectVersion = 54;
	objects = {

/* Begin PBXBuildFile section */
		058557BB273AAA24004C7B11 /* Assets.xcassets in Resources */ = {isa = PBXBuildFile; fileRef = 058557BA273AAA24004C7B11 /* Assets.xcassets */; };
		058557D9273AAEEB004C7B11 /* Preview Assets.xcassets in Resources */ = {isa = PBXBuildFile; fileRef = 058557D8273AAEEB004C7B11 /* Preview Assets.xcassets */; };
		2152FB042600AC8F00CF470E /* iOSApp.swift in Sources */ = {isa = PBXBuildFile; fileRef = 2152FB032600AC8F00CF470E /* iOSApp.swift */; };
		662673B02AB28FBF009934DD /* FunctionsExpectingLambdasWithReceiver.swift in Sources */ = {isa = PBXBuildFile; fileRef = 662673AF2AB28FBF009934DD /* FunctionsExpectingLambdasWithReceiver.swift */; };
		669CC6102AEA910900DC4B6E /* PublicApiExample.swift in Sources */ = {isa = PBXBuildFile; fileRef = 669CC60F2AEA910800DC4B6E /* PublicApiExample.swift */; };
		669CC6162AEF9B4000DC4B6E /* CollectionsWithBasicTypesExample.swift in Sources */ = {isa = PBXBuildFile; fileRef = 669CC6152AEF9B4000DC4B6E /* CollectionsWithBasicTypesExample.swift */; };
		669CC61C2AEF9F0100DC4B6E /* CancellationOfFlowsExample.swift in Sources */ = {isa = PBXBuildFile; fileRef = 669CC61B2AEF9F0100DC4B6E /* CancellationOfFlowsExample.swift */; };
		669CC61E2AEF9F5400DC4B6E /* CancellationOfSuspendFunctionsExample.swift in Sources */ = {isa = PBXBuildFile; fileRef = 669CC61D2AEF9F5400DC4B6E /* CancellationOfSuspendFunctionsExample.swift */; };
		669CC6202AEFA0CB00DC4B6E /* SuspendFunctionCompletionHandlerExample.swift in Sources */ = {isa = PBXBuildFile; fileRef = 669CC61F2AEFA0CB00DC4B6E /* SuspendFunctionCompletionHandlerExample.swift */; };
		669CC6252AF1480A00DC4B6E /* MemberFunctionsExample.swift in Sources */ = {isa = PBXBuildFile; fileRef = 669CC6242AF1480A00DC4B6E /* MemberFunctionsExample.swift */; };
		66CD090A2A78109A00D66EFD /* DataClassesExample.swift in Sources */ = {isa = PBXBuildFile; fileRef = 66CD09092A78109A00D66EFD /* DataClassesExample.swift */; };
		66CD090E2A79052C00D66EFD /* EnumClassesExample.swift in Sources */ = {isa = PBXBuildFile; fileRef = 66CD090D2A79052C00D66EFD /* EnumClassesExample.swift */; };
		66CD09102A790BEC00D66EFD /* InnerClassesExample.swift in Sources */ = {isa = PBXBuildFile; fileRef = 66CD090F2A790BEC00D66EFD /* InnerClassesExample.swift */; };
		66CD09122A790D9900D66EFD /* OpenClassesExample.swift in Sources */ = {isa = PBXBuildFile; fileRef = 66CD09112A790D9900D66EFD /* OpenClassesExample.swift */; };
		66D4CCDE2AD6BB2C00552E0E /* FunctionsWithVarargParameterExample.swift in Sources */ = {isa = PBXBuildFile; fileRef = 66D4CCDD2AD6BB2C00552E0E /* FunctionsWithVarargParameterExample.swift */; };
		66D4CCE02AD6BDA400552E0E /* FunctionsWithOverloadsExample.swift in Sources */ = {isa = PBXBuildFile; fileRef = 66D4CCDF2AD6BDA400552E0E /* FunctionsWithOverloadsExample.swift */; };
		66D4CCE22AD6BF4700552E0E /* FunctionsWithOverloadsExample2.swift in Sources */ = {isa = PBXBuildFile; fileRef = 66D4CCE12AD6BF4700552E0E /* FunctionsWithOverloadsExample2.swift */; };
		66D4CCE42AD6D4C100552E0E /* InlineFunctionsExample.swift in Sources */ = {isa = PBXBuildFile; fileRef = 66D4CCE32AD6D4C100552E0E /* InlineFunctionsExample.swift */; };
		66D4CCE62AD6DDC400552E0E /* SuspendFunctionsExample.swift in Sources */ = {isa = PBXBuildFile; fileRef = 66D4CCE52AD6DDC400552E0E /* SuspendFunctionsExample.swift */; };
		66D4CCE82AD6E26900552E0E /* SuspendFunctionsWithKMPNativeCoroutinesExample.swift in Sources */ = {isa = PBXBuildFile; fileRef = 66D4CCE72AD6E26900552E0E /* SuspendFunctionsWithKMPNativeCoroutinesExample.swift */; };
		66D4CCEB2AD6E40F00552E0E /* KMPNativeCoroutinesAsync in Frameworks */ = {isa = PBXBuildFile; productRef = 66D4CCEA2AD6E40F00552E0E /* KMPNativeCoroutinesAsync */; };
		66D4CCED2AD6E40F00552E0E /* KMPNativeCoroutinesCombine in Frameworks */ = {isa = PBXBuildFile; productRef = 66D4CCEC2AD6E40F00552E0E /* KMPNativeCoroutinesCombine */; };
		66D4CCEF2AD6E40F00552E0E /* KMPNativeCoroutinesCore in Frameworks */ = {isa = PBXBuildFile; productRef = 66D4CCEE2AD6E40F00552E0E /* KMPNativeCoroutinesCore */; };
		66D4CCF12AD6E40F00552E0E /* KMPNativeCoroutinesRxSwift in Frameworks */ = {isa = PBXBuildFile; productRef = 66D4CCF02AD6E40F00552E0E /* KMPNativeCoroutinesRxSwift */; };
		66D4CCF62AD7EAF000552E0E /* BoundedGenericsExample.swift in Sources */ = {isa = PBXBuildFile; fileRef = 66D4CCF52AD7EAF000552E0E /* BoundedGenericsExample.swift */; };
		66D4CCF82AD7EF7600552E0E /* ContravariantGenericsExample.swift in Sources */ = {isa = PBXBuildFile; fileRef = 66D4CCF72AD7EF7600552E0E /* ContravariantGenericsExample.swift */; };
		66D4CCFA2AD7F24E00552E0E /* CovariantGenericsExample.swift in Sources */ = {isa = PBXBuildFile; fileRef = 66D4CCF92AD7F24E00552E0E /* CovariantGenericsExample.swift */; };
		66D4CCFC2AD8095400552E0E /* GenericsClassesExample.swift in Sources */ = {isa = PBXBuildFile; fileRef = 66D4CCFB2AD8095400552E0E /* GenericsClassesExample.swift */; };
		66D4CCFE2AD80F2B00552E0E /* GenericFunctionsExample.swift in Sources */ = {isa = PBXBuildFile; fileRef = 66D4CCFD2AD80F2B00552E0E /* GenericFunctionsExample.swift */; };
		66D4CD022AD813F700552E0E /* ReifiedFunctionsExample.swift in Sources */ = {isa = PBXBuildFile; fileRef = 66D4CD012AD813F700552E0E /* ReifiedFunctionsExample.swift */; };
		66D4CD042AD81B6F00552E0E /* StarProjectionExample.swift in Sources */ = {isa = PBXBuildFile; fileRef = 66D4CD032AD81B6F00552E0E /* StarProjectionExample.swift */; };
		66D4CD082AD9173F00552E0E /* ConstructorsWithDefaultArgumentsExample.swift in Sources */ = {isa = PBXBuildFile; fileRef = 66D4CD072AD9173F00552E0E /* ConstructorsWithDefaultArgumentsExample.swift */; };
		66D4CD0C2AD91EFF00552E0E /* ExtensionFunctionOverPlatformClassExample.swift in Sources */ = {isa = PBXBuildFile; fileRef = 66D4CD0B2AD91EFF00552E0E /* ExtensionFunctionOverPlatformClassExample.swift */; };
		66D4CD0E2AD9225000552E0E /* ExtensionFunctionOverUsualClassExample.swift in Sources */ = {isa = PBXBuildFile; fileRef = 66D4CD0D2AD9225000552E0E /* ExtensionFunctionOverUsualClassExample.swift */; };
		66D4CD142AD928B600552E0E /* ExtensionPropertyOverCompanionObjectOfUsualClassExample.swift in Sources */ = {isa = PBXBuildFile; fileRef = 66D4CD132AD928B600552E0E /* ExtensionPropertyOverCompanionObjectOfUsualClassExample.swift */; };
		66D4CD1A2AD94B0A00552E0E /* FunctionsWithDefaultArgumentsExample.swift in Sources */ = {isa = PBXBuildFile; fileRef = 66D4CD192AD94B0A00552E0E /* FunctionsWithDefaultArgumentsExample.swift */; };
		66D4CD1C2AD9568500552E0E /* ObjectsExample.swift in Sources */ = {isa = PBXBuildFile; fileRef = 66D4CD1B2AD9568500552E0E /* ObjectsExample.swift */; };
		66D4CD1E2AD9587900552E0E /* TopLevelFunctionsExample.swift in Sources */ = {isa = PBXBuildFile; fileRef = 66D4CD1D2AD9587900552E0E /* TopLevelFunctionsExample.swift */; };
		66D4CD242AD960B000552E0E /* ConstructorsExample.swift in Sources */ = {isa = PBXBuildFile; fileRef = 66D4CD232AD960B000552E0E /* ConstructorsExample.swift */; };
		66D4CD2D2AD9812500552E0E /* FunInterfacesExample.swift in Sources */ = {isa = PBXBuildFile; fileRef = 66D4CD2C2AD9812500552E0E /* FunInterfacesExample.swift */; };
		66D4CD2F2AD9852D00552E0E /* InterfacesExample.swift in Sources */ = {isa = PBXBuildFile; fileRef = 66D4CD2E2AD9852D00552E0E /* InterfacesExample.swift */; };
		66D4CD312ADA8A9800552E0E /* SealedInterfacesExample.swift in Sources */ = {isa = PBXBuildFile; fileRef = 66D4CD302ADA8A9800552E0E /* SealedInterfacesExample.swift */; };
		66D4CD362ADAC66700552E0E /* CollectionsWithCustomTypesDataExample.swift in Sources */ = {isa = PBXBuildFile; fileRef = 66D4CD352ADAC66700552E0E /* CollectionsWithCustomTypesDataExample.swift */; };
		66D4CD382ADACB4B00552E0E /* CollectionsWithBasicTypesExample.swift in Sources */ = {isa = PBXBuildFile; fileRef = 66D4CD372ADACB4B00552E0E /* CollectionsWithBasicTypesExample.swift */; };
		66D4CD3A2ADAD3B200552E0E /* MutableImmutableCollectionsExample.swift in Sources */ = {isa = PBXBuildFile; fileRef = 66D4CD392ADAD3B200552E0E /* MutableImmutableCollectionsExample.swift */; };
		66D4CD3C2ADB50F200552E0E /* UnitNothingExample.swift in Sources */ = {isa = PBXBuildFile; fileRef = 66D4CD3B2ADB50F200552E0E /* UnitNothingExample.swift */; };
		66D4CD3E2ADB548B00552E0E /* BasicTypesExample.swift in Sources */ = {isa = PBXBuildFile; fileRef = 66D4CD3D2ADB548B00552E0E /* BasicTypesExample.swift */; };
		66D4CD402ADB5A8200552E0E /* OptionalBasicTypesExample.swift in Sources */ = {isa = PBXBuildFile; fileRef = 66D4CD3F2ADB5A8200552E0E /* OptionalBasicTypesExample.swift */; };
		66D4CD482ADD784F00552E0E /* FlowsExample.swift in Sources */ = {isa = PBXBuildFile; fileRef = 66D4CD472ADD784F00552E0E /* FlowsExample.swift */; };
		66D4CD4C2ADEA4C000552E0E /* ExceptionsExample.swift in Sources */ = {isa = PBXBuildFile; fileRef = 66D4CD4B2ADEA4C000552E0E /* ExceptionsExample.swift */; };
		66FD7CEB2B1F6C9E0091EBCD /* CancellationOfFlowsWithKMPNativeCoroutinesExample.swift in Sources */ = {isa = PBXBuildFile; fileRef = 66FD7CEA2B1F6C9E0091EBCD /* CancellationOfFlowsWithKMPNativeCoroutinesExample.swift */; };
		7535496A2AE116ED0016A54B /* ResultView.swift in Sources */ = {isa = PBXBuildFile; fileRef = 753549692AE116ED0016A54B /* ResultView.swift */; };
		7555FF83242A565900829871 /* ContentView.swift in Sources */ = {isa = PBXBuildFile; fileRef = 7555FF82242A565900829871 /* ContentView.swift */; };
		E59830209A4DFDBD56B4D98A /* TopLevelMutableVarPropertiesExample.swift in Sources */ = {isa = PBXBuildFile; fileRef = E598316803AE2F80AD19CEFF /* TopLevelMutableVarPropertiesExample.swift */; };
		E598312D66A5A0D4DFB0B288 /* FlowsWithKMPNativeCoroutinesExample.swift in Sources */ = {isa = PBXBuildFile; fileRef = E598336C7B941CA56366BA6F /* FlowsWithKMPNativeCoroutinesExample.swift */; };
		E598313BBDC59D482C2E61B7 /* HiddenFromSwiftExample.swift in Sources */ = {isa = PBXBuildFile; fileRef = E59836026EC41B1ECFBEA847 /* HiddenFromSwiftExample.swift */; };
		E5983273E9E4DA87612FBD1D /* MutableMemberPropertiesExample.swift in Sources */ = {isa = PBXBuildFile; fileRef = E5983CA0F72FA9CDDCFCE0F2 /* MutableMemberPropertiesExample.swift */; };
		E598339361209D951BEDEE11 /* TopLevelValPropertiesExample.swift in Sources */ = {isa = PBXBuildFile; fileRef = E59831FF4235D50E577BD314 /* TopLevelValPropertiesExample.swift */; };
		E59834F3942F1913855C91A1 /* FunctionsReturningFunctionTypeExample.swift in Sources */ = {isa = PBXBuildFile; fileRef = E5983F5A522E62A35D35D733 /* FunctionsReturningFunctionTypeExample.swift */; };
		E598356C750A7933F0EFBF35 /* ClassesAndFunctionsExample.swift in Sources */ = {isa = PBXBuildFile; fileRef = E59832ABB62E23D350C926A9 /* ClassesAndFunctionsExample.swift */; };
		E598357FCF25263BB63E408A /* ReadOnlyMemberPropertiesExample.swift in Sources */ = {isa = PBXBuildFile; fileRef = E598370892160B0B10F9A795 /* ReadOnlyMemberPropertiesExample.swift */; };
		E598359DF6FA6495636AABE0 /* AbstractClassesExample.swift in Sources */ = {isa = PBXBuildFile; fileRef = E59838C3BE6EB977577781F7 /* AbstractClassesExample.swift */; };
		E59835ACF7FA6D9C37C6C10B /* SealedClassesExample.swift in Sources */ = {isa = PBXBuildFile; fileRef = E598300AD4FC12D3332C08D2 /* SealedClassesExample.swift */; };
		E59835C553F2C4A4A740AC15 /* ShouldRefineInSwiftExample.swift in Sources */ = {isa = PBXBuildFile; fileRef = E598339C4556A7F6042AF79C /* ShouldRefineInSwiftExample.swift */; };
		E5983847097C31DF6668B125 /* FunctionsExpectingLambdaArgumentsExample.swift in Sources */ = {isa = PBXBuildFile; fileRef = E59835CFD03CA04DEFE7B103 /* FunctionsExpectingLambdaArgumentsExample.swift */; };
		E59839542E430C76A5568163 /* FunctionsWithReceivers.swift in Sources */ = {isa = PBXBuildFile; fileRef = E5983A8ED050D8760870D927 /* FunctionsWithReceivers.swift */; };
		E5983983EC6ED4078DEC1974 /* ExtensionPropertyOnPlatformClassExample.swift in Sources */ = {isa = PBXBuildFile; fileRef = E598391CD11EF4EB87A04EA6 /* ExtensionPropertyOnPlatformClassExample.swift */; };
		E59839ED4A52E3A918076779 /* InteropSamples.swift in Sources */ = {isa = PBXBuildFile; fileRef = E5983B408FC2E94B0FA8A67B /* InteropSamples.swift */; };
		E5983A571DEB439D81E1FF66 /* ExtensionPropertyOnUsualClassExample.swift in Sources */ = {isa = PBXBuildFile; fileRef = E59837ABDAC9F1A99F84F9F8 /* ExtensionPropertyOnUsualClassExample.swift */; };
		E5983A85FF44D72575E56B9F /* CancellationOfSuspendFunctionsWithKMPNativeCoroutinesExample.swift in Sources */ = {isa = PBXBuildFile; fileRef = E5983AE9FECD984234EB5ED5 /* CancellationOfSuspendFunctionsWithKMPNativeCoroutinesExample.swift */; };
		E5983D79232C697E96E1ADF2 /* FunctionsWithValueClassParametersExample.swift in Sources */ = {isa = PBXBuildFile; fileRef = E598308A2E7047DFAE4EAA79 /* FunctionsWithValueClassParametersExample.swift */; };
		E5983E28FAD1444B676E5CAA /* ExtensionPropertyOverCompanionObjectOnPlatformClassExample.swift in Sources */ = {isa = PBXBuildFile; fileRef = E59833E8B4AB9A748623D3F5 /* ExtensionPropertyOverCompanionObjectOnPlatformClassExample.swift */; };
		E5983ED5F81A85F95F863166 /* CompanionObjectsExample.swift in Sources */ = {isa = PBXBuildFile; fileRef = E59830EA504C5EC97884AD7E /* CompanionObjectsExample.swift */; };
		E5983FE321C7FE26A5AD200E /* ObjCNameExample.swift in Sources */ = {isa = PBXBuildFile; fileRef = E5983EC634A304D78C9DF93A /* ObjCNameExample.swift */; };
/* End PBXBuildFile section */

/* Begin PBXCopyFilesBuildPhase section */
		7555FFB4242A642300829871 /* Embed Frameworks */ = {
			isa = PBXCopyFilesBuildPhase;
			buildActionMask = 2147483647;
			dstPath = "";
			dstSubfolderSpec = 10;
			files = (
			);
			name = "Embed Frameworks";
			runOnlyForDeploymentPostprocessing = 0;
		};
/* End PBXCopyFilesBuildPhase section */

/* Begin PBXFileReference section */
		058557BA273AAA24004C7B11 /* Assets.xcassets */ = {isa = PBXFileReference; lastKnownFileType = folder.assetcatalog; path = Assets.xcassets; sourceTree = "<group>"; };
		058557D8273AAEEB004C7B11 /* Preview Assets.xcassets */ = {isa = PBXFileReference; lastKnownFileType = folder.assetcatalog; path = "Preview Assets.xcassets"; sourceTree = "<group>"; };
		2152FB032600AC8F00CF470E /* iOSApp.swift */ = {isa = PBXFileReference; lastKnownFileType = sourcecode.swift; path = iOSApp.swift; sourceTree = "<group>"; };
		662673AF2AB28FBF009934DD /* FunctionsExpectingLambdasWithReceiver.swift */ = {isa = PBXFileReference; lastKnownFileType = sourcecode.swift; path = FunctionsExpectingLambdasWithReceiver.swift; sourceTree = "<group>"; };
		669CC60F2AEA910800DC4B6E /* PublicApiExample.swift */ = {isa = PBXFileReference; lastKnownFileType = sourcecode.swift; path = PublicApiExample.swift; sourceTree = "<group>"; };
		669CC6152AEF9B4000DC4B6E /* CollectionsWithBasicTypesExample.swift */ = {isa = PBXFileReference; lastKnownFileType = sourcecode.swift; path = CollectionsWithBasicTypesExample.swift; sourceTree = "<group>"; };
		669CC61B2AEF9F0100DC4B6E /* CancellationOfFlowsExample.swift */ = {isa = PBXFileReference; lastKnownFileType = sourcecode.swift; path = CancellationOfFlowsExample.swift; sourceTree = "<group>"; };
		669CC61D2AEF9F5400DC4B6E /* CancellationOfSuspendFunctionsExample.swift */ = {isa = PBXFileReference; lastKnownFileType = sourcecode.swift; path = CancellationOfSuspendFunctionsExample.swift; sourceTree = "<group>"; };
		669CC61F2AEFA0CB00DC4B6E /* SuspendFunctionCompletionHandlerExample.swift */ = {isa = PBXFileReference; lastKnownFileType = sourcecode.swift; path = SuspendFunctionCompletionHandlerExample.swift; sourceTree = "<group>"; };
		669CC6242AF1480A00DC4B6E /* MemberFunctionsExample.swift */ = {isa = PBXFileReference; fileEncoding = 4; lastKnownFileType = sourcecode.swift; path = MemberFunctionsExample.swift; sourceTree = "<group>"; };
		66CD09092A78109A00D66EFD /* DataClassesExample.swift */ = {isa = PBXFileReference; lastKnownFileType = sourcecode.swift; path = DataClassesExample.swift; sourceTree = "<group>"; };
		66CD090D2A79052C00D66EFD /* EnumClassesExample.swift */ = {isa = PBXFileReference; lastKnownFileType = sourcecode.swift; path = EnumClassesExample.swift; sourceTree = "<group>"; };
		66CD090F2A790BEC00D66EFD /* InnerClassesExample.swift */ = {isa = PBXFileReference; lastKnownFileType = sourcecode.swift; path = InnerClassesExample.swift; sourceTree = "<group>"; };
		66CD09112A790D9900D66EFD /* OpenClassesExample.swift */ = {isa = PBXFileReference; lastKnownFileType = sourcecode.swift; path = OpenClassesExample.swift; sourceTree = "<group>"; };
		66D4CCDD2AD6BB2C00552E0E /* FunctionsWithVarargParameterExample.swift */ = {isa = PBXFileReference; lastKnownFileType = sourcecode.swift; path = FunctionsWithVarargParameterExample.swift; sourceTree = "<group>"; };
		66D4CCDF2AD6BDA400552E0E /* FunctionsWithOverloadsExample.swift */ = {isa = PBXFileReference; lastKnownFileType = sourcecode.swift; path = FunctionsWithOverloadsExample.swift; sourceTree = "<group>"; };
		66D4CCE12AD6BF4700552E0E /* FunctionsWithOverloadsExample2.swift */ = {isa = PBXFileReference; lastKnownFileType = sourcecode.swift; path = FunctionsWithOverloadsExample2.swift; sourceTree = "<group>"; };
		66D4CCE32AD6D4C100552E0E /* InlineFunctionsExample.swift */ = {isa = PBXFileReference; lastKnownFileType = sourcecode.swift; path = InlineFunctionsExample.swift; sourceTree = "<group>"; };
		66D4CCE52AD6DDC400552E0E /* SuspendFunctionsExample.swift */ = {isa = PBXFileReference; lastKnownFileType = sourcecode.swift; path = SuspendFunctionsExample.swift; sourceTree = "<group>"; };
		66D4CCE72AD6E26900552E0E /* SuspendFunctionsWithKMPNativeCoroutinesExample.swift */ = {isa = PBXFileReference; lastKnownFileType = sourcecode.swift; path = SuspendFunctionsWithKMPNativeCoroutinesExample.swift; sourceTree = "<group>"; };
		66D4CCF52AD7EAF000552E0E /* BoundedGenericsExample.swift */ = {isa = PBXFileReference; lastKnownFileType = sourcecode.swift; path = BoundedGenericsExample.swift; sourceTree = "<group>"; };
		66D4CCF72AD7EF7600552E0E /* ContravariantGenericsExample.swift */ = {isa = PBXFileReference; lastKnownFileType = sourcecode.swift; path = ContravariantGenericsExample.swift; sourceTree = "<group>"; };
		66D4CCF92AD7F24E00552E0E /* CovariantGenericsExample.swift */ = {isa = PBXFileReference; lastKnownFileType = sourcecode.swift; path = CovariantGenericsExample.swift; sourceTree = "<group>"; };
		66D4CCFB2AD8095400552E0E /* GenericsClassesExample.swift */ = {isa = PBXFileReference; lastKnownFileType = sourcecode.swift; path = GenericsClassesExample.swift; sourceTree = "<group>"; };
		66D4CCFD2AD80F2B00552E0E /* GenericFunctionsExample.swift */ = {isa = PBXFileReference; lastKnownFileType = sourcecode.swift; path = GenericFunctionsExample.swift; sourceTree = "<group>"; };
		66D4CD012AD813F700552E0E /* ReifiedFunctionsExample.swift */ = {isa = PBXFileReference; lastKnownFileType = sourcecode.swift; path = ReifiedFunctionsExample.swift; sourceTree = "<group>"; };
		66D4CD032AD81B6F00552E0E /* StarProjectionExample.swift */ = {isa = PBXFileReference; lastKnownFileType = sourcecode.swift; path = StarProjectionExample.swift; sourceTree = "<group>"; };
		66D4CD072AD9173F00552E0E /* ConstructorsWithDefaultArgumentsExample.swift */ = {isa = PBXFileReference; lastKnownFileType = sourcecode.swift; path = ConstructorsWithDefaultArgumentsExample.swift; sourceTree = "<group>"; };
		66D4CD0B2AD91EFF00552E0E /* ExtensionFunctionOverPlatformClassExample.swift */ = {isa = PBXFileReference; lastKnownFileType = sourcecode.swift; path = ExtensionFunctionOverPlatformClassExample.swift; sourceTree = "<group>"; };
		66D4CD0D2AD9225000552E0E /* ExtensionFunctionOverUsualClassExample.swift */ = {isa = PBXFileReference; lastKnownFileType = sourcecode.swift; path = ExtensionFunctionOverUsualClassExample.swift; sourceTree = "<group>"; };
		66D4CD132AD928B600552E0E /* ExtensionPropertyOverCompanionObjectOfUsualClassExample.swift */ = {isa = PBXFileReference; lastKnownFileType = sourcecode.swift; path = ExtensionPropertyOverCompanionObjectOfUsualClassExample.swift; sourceTree = "<group>"; };
		66D4CD192AD94B0A00552E0E /* FunctionsWithDefaultArgumentsExample.swift */ = {isa = PBXFileReference; lastKnownFileType = sourcecode.swift; path = FunctionsWithDefaultArgumentsExample.swift; sourceTree = "<group>"; };
		66D4CD1B2AD9568500552E0E /* ObjectsExample.swift */ = {isa = PBXFileReference; lastKnownFileType = sourcecode.swift; path = ObjectsExample.swift; sourceTree = "<group>"; };
		66D4CD1D2AD9587900552E0E /* TopLevelFunctionsExample.swift */ = {isa = PBXFileReference; lastKnownFileType = sourcecode.swift; path = TopLevelFunctionsExample.swift; sourceTree = "<group>"; };
		66D4CD232AD960B000552E0E /* ConstructorsExample.swift */ = {isa = PBXFileReference; lastKnownFileType = sourcecode.swift; path = ConstructorsExample.swift; sourceTree = "<group>"; };
		66D4CD2C2AD9812500552E0E /* FunInterfacesExample.swift */ = {isa = PBXFileReference; lastKnownFileType = sourcecode.swift; path = FunInterfacesExample.swift; sourceTree = "<group>"; };
		66D4CD2E2AD9852D00552E0E /* InterfacesExample.swift */ = {isa = PBXFileReference; lastKnownFileType = sourcecode.swift; path = InterfacesExample.swift; sourceTree = "<group>"; };
		66D4CD302ADA8A9800552E0E /* SealedInterfacesExample.swift */ = {isa = PBXFileReference; lastKnownFileType = sourcecode.swift; path = SealedInterfacesExample.swift; sourceTree = "<group>"; };
		66D4CD352ADAC66700552E0E /* CollectionsWithCustomTypesDataExample.swift */ = {isa = PBXFileReference; lastKnownFileType = sourcecode.swift; path = CollectionsWithCustomTypesDataExample.swift; sourceTree = "<group>"; };
		66D4CD372ADACB4B00552E0E /* CollectionsWithBasicTypesExample.swift */ = {isa = PBXFileReference; lastKnownFileType = sourcecode.swift; path = CollectionsWithBasicTypesExample.swift; sourceTree = "<group>"; };
		66D4CD392ADAD3B200552E0E /* MutableImmutableCollectionsExample.swift */ = {isa = PBXFileReference; lastKnownFileType = sourcecode.swift; path = MutableImmutableCollectionsExample.swift; sourceTree = "<group>"; };
		66D4CD3B2ADB50F200552E0E /* UnitNothingExample.swift */ = {isa = PBXFileReference; lastKnownFileType = sourcecode.swift; path = UnitNothingExample.swift; sourceTree = "<group>"; };
		66D4CD3D2ADB548B00552E0E /* BasicTypesExample.swift */ = {isa = PBXFileReference; lastKnownFileType = sourcecode.swift; path = BasicTypesExample.swift; sourceTree = "<group>"; };
		66D4CD3F2ADB5A8200552E0E /* OptionalBasicTypesExample.swift */ = {isa = PBXFileReference; lastKnownFileType = sourcecode.swift; path = OptionalBasicTypesExample.swift; sourceTree = "<group>"; };
		66D4CD472ADD784F00552E0E /* FlowsExample.swift */ = {isa = PBXFileReference; lastKnownFileType = sourcecode.swift; path = FlowsExample.swift; sourceTree = "<group>"; };
		66D4CD4B2ADEA4C000552E0E /* ExceptionsExample.swift */ = {isa = PBXFileReference; lastKnownFileType = sourcecode.swift; path = ExceptionsExample.swift; sourceTree = "<group>"; };
		66FD7CEA2B1F6C9E0091EBCD /* CancellationOfFlowsWithKMPNativeCoroutinesExample.swift */ = {isa = PBXFileReference; lastKnownFileType = sourcecode.swift; path = CancellationOfFlowsWithKMPNativeCoroutinesExample.swift; sourceTree = "<group>"; };
		753549692AE116ED0016A54B /* ResultView.swift */ = {isa = PBXFileReference; lastKnownFileType = sourcecode.swift; path = ResultView.swift; sourceTree = "<group>"; };
		7555FF7B242A565900829871 /* iosApp.app */ = {isa = PBXFileReference; explicitFileType = wrapper.application; includeInIndex = 0; path = iosApp.app; sourceTree = BUILT_PRODUCTS_DIR; };
		7555FF82242A565900829871 /* ContentView.swift */ = {isa = PBXFileReference; lastKnownFileType = sourcecode.swift; path = ContentView.swift; sourceTree = "<group>"; };
		7555FF8C242A565B00829871 /* Info.plist */ = {isa = PBXFileReference; lastKnownFileType = text.plist.xml; path = Info.plist; sourceTree = "<group>"; };
		E598300AD4FC12D3332C08D2 /* SealedClassesExample.swift */ = {isa = PBXFileReference; fileEncoding = 4; lastKnownFileType = sourcecode.swift; path = SealedClassesExample.swift; sourceTree = "<group>"; };
		E598308A2E7047DFAE4EAA79 /* FunctionsWithValueClassParametersExample.swift */ = {isa = PBXFileReference; fileEncoding = 4; lastKnownFileType = sourcecode.swift; path = FunctionsWithValueClassParametersExample.swift; sourceTree = "<group>"; };
		E59830EA504C5EC97884AD7E /* CompanionObjectsExample.swift */ = {isa = PBXFileReference; fileEncoding = 4; lastKnownFileType = sourcecode.swift; path = CompanionObjectsExample.swift; sourceTree = "<group>"; };
		E598316803AE2F80AD19CEFF /* TopLevelMutableVarPropertiesExample.swift */ = {isa = PBXFileReference; fileEncoding = 4; lastKnownFileType = sourcecode.swift; path = TopLevelMutableVarPropertiesExample.swift; sourceTree = "<group>"; };
		E59831FF4235D50E577BD314 /* TopLevelValPropertiesExample.swift */ = {isa = PBXFileReference; fileEncoding = 4; lastKnownFileType = sourcecode.swift; path = TopLevelValPropertiesExample.swift; sourceTree = "<group>"; };
		E59832ABB62E23D350C926A9 /* ClassesAndFunctionsExample.swift */ = {isa = PBXFileReference; fileEncoding = 4; lastKnownFileType = sourcecode.swift; path = ClassesAndFunctionsExample.swift; sourceTree = "<group>"; };
		E598336C7B941CA56366BA6F /* FlowsWithKMPNativeCoroutinesExample.swift */ = {isa = PBXFileReference; fileEncoding = 4; lastKnownFileType = sourcecode.swift; path = FlowsWithKMPNativeCoroutinesExample.swift; sourceTree = "<group>"; };
		E598339C4556A7F6042AF79C /* ShouldRefineInSwiftExample.swift */ = {isa = PBXFileReference; fileEncoding = 4; lastKnownFileType = sourcecode.swift; path = ShouldRefineInSwiftExample.swift; sourceTree = "<group>"; };
		E59833E8B4AB9A748623D3F5 /* ExtensionPropertyOverCompanionObjectOnPlatformClassExample.swift */ = {isa = PBXFileReference; fileEncoding = 4; lastKnownFileType = sourcecode.swift; path = ExtensionPropertyOverCompanionObjectOnPlatformClassExample.swift; sourceTree = "<group>"; };
		E59835CFD03CA04DEFE7B103 /* FunctionsExpectingLambdaArgumentsExample.swift */ = {isa = PBXFileReference; fileEncoding = 4; lastKnownFileType = sourcecode.swift; path = FunctionsExpectingLambdaArgumentsExample.swift; sourceTree = "<group>"; };
		E59836026EC41B1ECFBEA847 /* HiddenFromSwiftExample.swift */ = {isa = PBXFileReference; fileEncoding = 4; lastKnownFileType = sourcecode.swift; path = HiddenFromSwiftExample.swift; sourceTree = "<group>"; };
		E598370892160B0B10F9A795 /* ReadOnlyMemberPropertiesExample.swift */ = {isa = PBXFileReference; fileEncoding = 4; lastKnownFileType = sourcecode.swift; path = ReadOnlyMemberPropertiesExample.swift; sourceTree = "<group>"; };
		E59837ABDAC9F1A99F84F9F8 /* ExtensionPropertyOnUsualClassExample.swift */ = {isa = PBXFileReference; fileEncoding = 4; lastKnownFileType = sourcecode.swift; path = ExtensionPropertyOnUsualClassExample.swift; sourceTree = "<group>"; };
		E59838C3BE6EB977577781F7 /* AbstractClassesExample.swift */ = {isa = PBXFileReference; fileEncoding = 4; lastKnownFileType = sourcecode.swift; path = AbstractClassesExample.swift; sourceTree = "<group>"; };
		E598391CD11EF4EB87A04EA6 /* ExtensionPropertyOnPlatformClassExample.swift */ = {isa = PBXFileReference; fileEncoding = 4; lastKnownFileType = sourcecode.swift; path = ExtensionPropertyOnPlatformClassExample.swift; sourceTree = "<group>"; };
		E5983A8ED050D8760870D927 /* FunctionsWithReceivers.swift */ = {isa = PBXFileReference; fileEncoding = 4; lastKnownFileType = sourcecode.swift; path = FunctionsWithReceivers.swift; sourceTree = "<group>"; };
		E5983AE9FECD984234EB5ED5 /* CancellationOfSuspendFunctionsWithKMPNativeCoroutinesExample.swift */ = {isa = PBXFileReference; fileEncoding = 4; lastKnownFileType = sourcecode.swift; path = CancellationOfSuspendFunctionsWithKMPNativeCoroutinesExample.swift; sourceTree = "<group>"; };
		E5983B408FC2E94B0FA8A67B /* InteropSamples.swift */ = {isa = PBXFileReference; fileEncoding = 4; lastKnownFileType = sourcecode.swift; path = InteropSamples.swift; sourceTree = "<group>"; };
		E5983CA0F72FA9CDDCFCE0F2 /* MutableMemberPropertiesExample.swift */ = {isa = PBXFileReference; fileEncoding = 4; lastKnownFileType = sourcecode.swift; path = MutableMemberPropertiesExample.swift; sourceTree = "<group>"; };
		E5983EC634A304D78C9DF93A /* ObjCNameExample.swift */ = {isa = PBXFileReference; fileEncoding = 4; lastKnownFileType = sourcecode.swift; path = ObjCNameExample.swift; sourceTree = "<group>"; };
		E5983F5A522E62A35D35D733 /* FunctionsReturningFunctionTypeExample.swift */ = {isa = PBXFileReference; fileEncoding = 4; lastKnownFileType = sourcecode.swift; path = FunctionsReturningFunctionTypeExample.swift; sourceTree = "<group>"; };
/* End PBXFileReference section */

/* Begin PBXFrameworksBuildPhase section */
		7555FF78242A565900829871 /* Frameworks */ = {
			isa = PBXFrameworksBuildPhase;
			buildActionMask = 2147483647;
			files = (
				66D4CCEB2AD6E40F00552E0E /* KMPNativeCoroutinesAsync in Frameworks */,
				66D4CCED2AD6E40F00552E0E /* KMPNativeCoroutinesCombine in Frameworks */,
				66D4CCEF2AD6E40F00552E0E /* KMPNativeCoroutinesCore in Frameworks */,
				66D4CCF12AD6E40F00552E0E /* KMPNativeCoroutinesRxSwift in Frameworks */,
			);
			runOnlyForDeploymentPostprocessing = 0;
		};
/* End PBXFrameworksBuildPhase section */

/* Begin PBXGroup section */
		058557D7273AAEEB004C7B11 /* Preview Content */ = {
			isa = PBXGroup;
			children = (
				058557D8273AAEEB004C7B11 /* Preview Assets.xcassets */,
			);
			path = "Preview Content";
			sourceTree = "<group>";
		};
		669CC6212AF12D1E00DC4B6E /* Extensions */ = {
			isa = PBXGroup;
			children = (
				66D4CD0B2AD91EFF00552E0E /* ExtensionFunctionOverPlatformClassExample.swift */,
				66D4CD0D2AD9225000552E0E /* ExtensionFunctionOverUsualClassExample.swift */,
				66D4CD132AD928B600552E0E /* ExtensionPropertyOverCompanionObjectOfUsualClassExample.swift */,
				E598391CD11EF4EB87A04EA6 /* ExtensionPropertyOnPlatformClassExample.swift */,
				E59837ABDAC9F1A99F84F9F8 /* ExtensionPropertyOnUsualClassExample.swift */,
				E59833E8B4AB9A748623D3F5 /* ExtensionPropertyOverCompanionObjectOnPlatformClassExample.swift */,
			);
			path = Extensions;
			sourceTree = "<group>";
		};
		66CD08FD2A71556800D66EFD /* Overview */ = {
			isa = PBXGroup;
			children = (
				66D4CD1D2AD9587900552E0E /* TopLevelFunctionsExample.swift */,
				66D4CD4B2ADEA4C000552E0E /* ExceptionsExample.swift */,
				669CC60F2AEA910800DC4B6E /* PublicApiExample.swift */,
				E59836026EC41B1ECFBEA847 /* HiddenFromSwiftExample.swift */,
				E5983EC634A304D78C9DF93A /* ObjCNameExample.swift */,
				E598339C4556A7F6042AF79C /* ShouldRefineInSwiftExample.swift */,
				E59832ABB62E23D350C926A9 /* ClassesAndFunctionsExample.swift */,
			);
			path = Overview;
			sourceTree = "<group>";
		};
		66CD09062A780AF800D66EFD /* Classes */ = {
			isa = PBXGroup;
			children = (
				66D4CD1B2AD9568500552E0E /* ObjectsExample.swift */,
				66D4CD2C2AD9812500552E0E /* FunInterfacesExample.swift */,
				66D4CD2E2AD9852D00552E0E /* InterfacesExample.swift */,
				66D4CD302ADA8A9800552E0E /* SealedInterfacesExample.swift */,
				66CD09092A78109A00D66EFD /* DataClassesExample.swift */,
				66CD090D2A79052C00D66EFD /* EnumClassesExample.swift */,
				66CD090F2A790BEC00D66EFD /* InnerClassesExample.swift */,
				66CD09112A790D9900D66EFD /* OpenClassesExample.swift */,
				E59830EA504C5EC97884AD7E /* CompanionObjectsExample.swift */,
				E598300AD4FC12D3332C08D2 /* SealedClassesExample.swift */,
				E59838C3BE6EB977577781F7 /* AbstractClassesExample.swift */,
			);
			path = Classes;
			sourceTree = "<group>";
		};
		66CD090B2A78FD7800D66EFD /* MoreAboutFunctions */ = {
			isa = PBXGroup;
			children = (
				66D4CCDF2AD6BDA400552E0E /* FunctionsWithOverloadsExample.swift */,
				66D4CCE12AD6BF4700552E0E /* FunctionsWithOverloadsExample2.swift */,
				66D4CD192AD94B0A00552E0E /* FunctionsWithDefaultArgumentsExample.swift */,
				66D4CD072AD9173F00552E0E /* ConstructorsWithDefaultArgumentsExample.swift */,
				662673AF2AB28FBF009934DD /* FunctionsExpectingLambdasWithReceiver.swift */,
				66D4CCDD2AD6BB2C00552E0E /* FunctionsWithVarargParameterExample.swift */,
				66D4CCE32AD6D4C100552E0E /* InlineFunctionsExample.swift */,
				E5983A8ED050D8760870D927 /* FunctionsWithReceivers.swift */,
				E598308A2E7047DFAE4EAA79 /* FunctionsWithValueClassParametersExample.swift */,
			);
			path = MoreAboutFunctions;
			sourceTree = "<group>";
		};
		66CD090C2A78FF8500D66EFD /* FunctionsAndProperties */ = {
			isa = PBXGroup;
			children = (
				669CC6242AF1480A00DC4B6E /* MemberFunctionsExample.swift */,
				66D4CD232AD960B000552E0E /* ConstructorsExample.swift */,
				E598370892160B0B10F9A795 /* ReadOnlyMemberPropertiesExample.swift */,
				E5983CA0F72FA9CDDCFCE0F2 /* MutableMemberPropertiesExample.swift */,
				E59831FF4235D50E577BD314 /* TopLevelValPropertiesExample.swift */,
				E598316803AE2F80AD19CEFF /* TopLevelMutableVarPropertiesExample.swift */,
				E59835CFD03CA04DEFE7B103 /* FunctionsExpectingLambdaArgumentsExample.swift */,
				E5983F5A522E62A35D35D733 /* FunctionsReturningFunctionTypeExample.swift */,
			);
			path = FunctionsAndProperties;
			sourceTree = "<group>";
		};
		66D4CCF42AD7EADC00552E0E /* Generics */ = {
			isa = PBXGroup;
			children = (
				66D4CCF52AD7EAF000552E0E /* BoundedGenericsExample.swift */,
				66D4CCF72AD7EF7600552E0E /* ContravariantGenericsExample.swift */,
				66D4CCF92AD7F24E00552E0E /* CovariantGenericsExample.swift */,
				66D4CCFB2AD8095400552E0E /* GenericsClassesExample.swift */,
				66D4CCFD2AD80F2B00552E0E /* GenericFunctionsExample.swift */,
				66D4CD012AD813F700552E0E /* ReifiedFunctionsExample.swift */,
				66D4CD032AD81B6F00552E0E /* StarProjectionExample.swift */,
			);
			path = Generics;
			sourceTree = "<group>";
		};
		66D4CD322ADAC62800552E0E /* Types */ = {
			isa = PBXGroup;
			children = (
				66D4CD352ADAC66700552E0E /* CollectionsWithCustomTypesDataExample.swift */,
				66D4CD372ADACB4B00552E0E /* CollectionsWithBasicTypesExample.swift */,
				66D4CD392ADAD3B200552E0E /* MutableImmutableCollectionsExample.swift */,
				66D4CD3B2ADB50F200552E0E /* UnitNothingExample.swift */,
				66D4CD3D2ADB548B00552E0E /* BasicTypesExample.swift */,
				66D4CD3F2ADB5A8200552E0E /* OptionalBasicTypesExample.swift */,
				669CC6152AEF9B4000DC4B6E /* CollectionsWithBasicTypesExample.swift */,
			);
			path = Types;
			sourceTree = "<group>";
		};
		66D4CD412ADD6CC700552E0E /* Coroutines */ = {
			isa = PBXGroup;
			children = (
				66D4CCE52AD6DDC400552E0E /* SuspendFunctionsExample.swift */,
				669CC61F2AEFA0CB00DC4B6E /* SuspendFunctionCompletionHandlerExample.swift */,
				66D4CCE72AD6E26900552E0E /* SuspendFunctionsWithKMPNativeCoroutinesExample.swift */,
				66D4CD472ADD784F00552E0E /* FlowsExample.swift */,
				669CC61B2AEF9F0100DC4B6E /* CancellationOfFlowsExample.swift */,
				669CC61D2AEF9F5400DC4B6E /* CancellationOfSuspendFunctionsExample.swift */,
				E5983AE9FECD984234EB5ED5 /* CancellationOfSuspendFunctionsWithKMPNativeCoroutinesExample.swift */,
				E598336C7B941CA56366BA6F /* FlowsWithKMPNativeCoroutinesExample.swift */,
				66FD7CEA2B1F6C9E0091EBCD /* CancellationOfFlowsWithKMPNativeCoroutinesExample.swift */,
			);
			path = Coroutines;
			sourceTree = "<group>";
		};
		7555FF72242A565900829871 = {
			isa = PBXGroup;
			children = (
				7555FF7D242A565900829871 /* iosApp */,
				7555FF7C242A565900829871 /* Products */,
				7555FFB0242A642200829871 /* Frameworks */,
			);
			sourceTree = "<group>";
		};
		7555FF7C242A565900829871 /* Products */ = {
			isa = PBXGroup;
			children = (
				7555FF7B242A565900829871 /* iosApp.app */,
			);
			name = Products;
			sourceTree = "<group>";
		};
		7555FF7D242A565900829871 /* iosApp */ = {
			isa = PBXGroup;
			children = (
				66CD08FD2A71556800D66EFD /* Overview */,
				66CD090C2A78FF8500D66EFD /* FunctionsAndProperties */,
				66CD090B2A78FD7800D66EFD /* MoreAboutFunctions */,
				66D4CD322ADAC62800552E0E /* Types */,
				66CD09062A780AF800D66EFD /* Classes */,
				66D4CD412ADD6CC700552E0E /* Coroutines */,
				66D4CCF42AD7EADC00552E0E /* Generics */,
				669CC6212AF12D1E00DC4B6E /* Extensions */,
				058557BA273AAA24004C7B11 /* Assets.xcassets */,
				7555FF82242A565900829871 /* ContentView.swift */,
				7555FF8C242A565B00829871 /* Info.plist */,
				2152FB032600AC8F00CF470E /* iOSApp.swift */,
				058557D7273AAEEB004C7B11 /* Preview Content */,
				753549692AE116ED0016A54B /* ResultView.swift */,
				E5983B408FC2E94B0FA8A67B /* InteropSamples.swift */,
			);
			path = iosApp;
			sourceTree = "<group>";
		};
		7555FFB0242A642200829871 /* Frameworks */ = {
			isa = PBXGroup;
			children = (
			);
			name = Frameworks;
			sourceTree = "<group>";
		};
/* End PBXGroup section */

/* Begin PBXNativeTarget section */
		7555FF7A242A565900829871 /* iosApp */ = {
			isa = PBXNativeTarget;
			buildConfigurationList = 7555FFA5242A565B00829871 /* Build configuration list for PBXNativeTarget "iosApp" */;
			buildPhases = (
				7555FFB5242A651A00829871 /* ShellScript */,
				7555FF77242A565900829871 /* Sources */,
				7555FF78242A565900829871 /* Frameworks */,
				7555FF79242A565900829871 /* Resources */,
				7555FFB4242A642300829871 /* Embed Frameworks */,
			);
			buildRules = (
			);
			dependencies = (
			);
			name = iosApp;
			packageProductDependencies = (
				66D4CCEA2AD6E40F00552E0E /* KMPNativeCoroutinesAsync */,
				66D4CCEC2AD6E40F00552E0E /* KMPNativeCoroutinesCombine */,
				66D4CCEE2AD6E40F00552E0E /* KMPNativeCoroutinesCore */,
				66D4CCF02AD6E40F00552E0E /* KMPNativeCoroutinesRxSwift */,
			);
			productName = iosApp;
			productReference = 7555FF7B242A565900829871 /* iosApp.app */;
			productType = "com.apple.product-type.application";
		};
/* End PBXNativeTarget section */

/* Begin PBXProject section */
		7555FF73242A565900829871 /* Project object */ = {
			isa = PBXProject;
			attributes = {
				LastSwiftUpdateCheck = 1130;
				LastUpgradeCheck = 1130;
				ORGANIZATIONNAME = orgName;
				TargetAttributes = {
					7555FF7A242A565900829871 = {
						CreatedOnToolsVersion = 11.3.1;
					};
				};
			};
			buildConfigurationList = 7555FF76242A565900829871 /* Build configuration list for PBXProject "iosApp" */;
			compatibilityVersion = "Xcode 9.3";
			developmentRegion = en;
			hasScannedForEncodings = 0;
			knownRegions = (
				en,
				Base,
			);
			mainGroup = 7555FF72242A565900829871;
			packageReferences = (
				66D4CCE92AD6E40F00552E0E /* XCRemoteSwiftPackageReference "KMP-NativeCoroutines" */,
			);
			productRefGroup = 7555FF7C242A565900829871 /* Products */;
			projectDirPath = "";
			projectRoot = "";
			targets = (
				7555FF7A242A565900829871 /* iosApp */,
			);
		};
/* End PBXProject section */

/* Begin PBXResourcesBuildPhase section */
		7555FF79242A565900829871 /* Resources */ = {
			isa = PBXResourcesBuildPhase;
			buildActionMask = 2147483647;
			files = (
				058557D9273AAEEB004C7B11 /* Preview Assets.xcassets in Resources */,
				058557BB273AAA24004C7B11 /* Assets.xcassets in Resources */,
			);
			runOnlyForDeploymentPostprocessing = 0;
		};
/* End PBXResourcesBuildPhase section */

/* Begin PBXShellScriptBuildPhase section */
		7555FFB5242A651A00829871 /* ShellScript */ = {
			isa = PBXShellScriptBuildPhase;
			buildActionMask = 2147483647;
			files = (
			);
			inputFileListPaths = (
			);
			inputPaths = (
			);
			outputFileListPaths = (
			);
			outputPaths = (
			);
			runOnlyForDeploymentPostprocessing = 0;
			shellPath = /bin/sh;
			shellScript = "cd \"$SRCROOT/..\"\n./gradlew :shared:embedAndSignAppleFrameworkForXcode\n";
		};
/* End PBXShellScriptBuildPhase section */

/* Begin PBXSourcesBuildPhase section */
		7555FF77242A565900829871 /* Sources */ = {
			isa = PBXSourcesBuildPhase;
			buildActionMask = 2147483647;
			files = (
				669CC6252AF1480A00DC4B6E /* MemberFunctionsExample.swift in Sources */,
				2152FB042600AC8F00CF470E /* iOSApp.swift in Sources */,
				66D4CD1C2AD9568500552E0E /* ObjectsExample.swift in Sources */,
				669CC6102AEA910900DC4B6E /* PublicApiExample.swift in Sources */,
				66D4CD0C2AD91EFF00552E0E /* ExtensionFunctionOverPlatformClassExample.swift in Sources */,
				669CC61C2AEF9F0100DC4B6E /* CancellationOfFlowsExample.swift in Sources */,
				66D4CD1E2AD9587900552E0E /* TopLevelFunctionsExample.swift in Sources */,
				66D4CCFC2AD8095400552E0E /* GenericsClassesExample.swift in Sources */,
				66CD090E2A79052C00D66EFD /* EnumClassesExample.swift in Sources */,
				669CC61E2AEF9F5400DC4B6E /* CancellationOfSuspendFunctionsExample.swift in Sources */,
				66D4CCF62AD7EAF000552E0E /* BoundedGenericsExample.swift in Sources */,
				66D4CD2D2AD9812500552E0E /* FunInterfacesExample.swift in Sources */,
				66D4CD3E2ADB548B00552E0E /* BasicTypesExample.swift in Sources */,
				662673B02AB28FBF009934DD /* FunctionsExpectingLambdasWithReceiver.swift in Sources */,
				66D4CD1A2AD94B0A00552E0E /* FunctionsWithDefaultArgumentsExample.swift in Sources */,
				66D4CD312ADA8A9800552E0E /* SealedInterfacesExample.swift in Sources */,
				66CD09122A790D9900D66EFD /* OpenClassesExample.swift in Sources */,
				66CD090A2A78109A00D66EFD /* DataClassesExample.swift in Sources */,
				66D4CD2F2AD9852D00552E0E /* InterfacesExample.swift in Sources */,
				66D4CD142AD928B600552E0E /* ExtensionPropertyOverCompanionObjectOfUsualClassExample.swift in Sources */,
				66D4CCE42AD6D4C100552E0E /* InlineFunctionsExample.swift in Sources */,
				66D4CCE02AD6BDA400552E0E /* FunctionsWithOverloadsExample.swift in Sources */,
				66D4CCE82AD6E26900552E0E /* SuspendFunctionsWithKMPNativeCoroutinesExample.swift in Sources */,
				66D4CCE62AD6DDC400552E0E /* SuspendFunctionsExample.swift in Sources */,
				66D4CD082AD9173F00552E0E /* ConstructorsWithDefaultArgumentsExample.swift in Sources */,
				66D4CD242AD960B000552E0E /* ConstructorsExample.swift in Sources */,
				66D4CD0E2AD9225000552E0E /* ExtensionFunctionOverUsualClassExample.swift in Sources */,
				66D4CD3C2ADB50F200552E0E /* UnitNothingExample.swift in Sources */,
				66D4CCE22AD6BF4700552E0E /* FunctionsWithOverloadsExample2.swift in Sources */,
				66D4CCFA2AD7F24E00552E0E /* CovariantGenericsExample.swift in Sources */,
				66D4CD482ADD784F00552E0E /* FlowsExample.swift in Sources */,
				66D4CD362ADAC66700552E0E /* CollectionsWithCustomTypesDataExample.swift in Sources */,
				66D4CD022AD813F700552E0E /* ReifiedFunctionsExample.swift in Sources */,
				669CC6162AEF9B4000DC4B6E /* CollectionsWithBasicTypesExample.swift in Sources */,
				66D4CD382ADACB4B00552E0E /* CollectionsWithBasicTypesExample.swift in Sources */,
				66CD09102A790BEC00D66EFD /* InnerClassesExample.swift in Sources */,
				66D4CD4C2ADEA4C000552E0E /* ExceptionsExample.swift in Sources */,
				66D4CCF82AD7EF7600552E0E /* ContravariantGenericsExample.swift in Sources */,
				66D4CD3A2ADAD3B200552E0E /* MutableImmutableCollectionsExample.swift in Sources */,
				7535496A2AE116ED0016A54B /* ResultView.swift in Sources */,
				669CC6202AEFA0CB00DC4B6E /* SuspendFunctionCompletionHandlerExample.swift in Sources */,
				66D4CCDE2AD6BB2C00552E0E /* FunctionsWithVarargParameterExample.swift in Sources */,
				66D4CD402ADB5A8200552E0E /* OptionalBasicTypesExample.swift in Sources */,
				66D4CD042AD81B6F00552E0E /* StarProjectionExample.swift in Sources */,
				66D4CCFE2AD80F2B00552E0E /* GenericFunctionsExample.swift in Sources */,
				7555FF83242A565900829871 /* ContentView.swift in Sources */,
				E59839ED4A52E3A918076779 /* InteropSamples.swift in Sources */,
				E598313BBDC59D482C2E61B7 /* HiddenFromSwiftExample.swift in Sources */,
				E5983FE321C7FE26A5AD200E /* ObjCNameExample.swift in Sources */,
				E59835C553F2C4A4A740AC15 /* ShouldRefineInSwiftExample.swift in Sources */,
				E598356C750A7933F0EFBF35 /* ClassesAndFunctionsExample.swift in Sources */,
				E5983ED5F81A85F95F863166 /* CompanionObjectsExample.swift in Sources */,
				E59835ACF7FA6D9C37C6C10B /* SealedClassesExample.swift in Sources */,
				E598359DF6FA6495636AABE0 /* AbstractClassesExample.swift in Sources */,
				E598357FCF25263BB63E408A /* ReadOnlyMemberPropertiesExample.swift in Sources */,
				E5983273E9E4DA87612FBD1D /* MutableMemberPropertiesExample.swift in Sources */,
				E598339361209D951BEDEE11 /* TopLevelValPropertiesExample.swift in Sources */,
				E59830209A4DFDBD56B4D98A /* TopLevelMutableVarPropertiesExample.swift in Sources */,
				E5983847097C31DF6668B125 /* FunctionsExpectingLambdaArgumentsExample.swift in Sources */,
				E59834F3942F1913855C91A1 /* FunctionsReturningFunctionTypeExample.swift in Sources */,
				E59839542E430C76A5568163 /* FunctionsWithReceivers.swift in Sources */,
				E5983D79232C697E96E1ADF2 /* FunctionsWithValueClassParametersExample.swift in Sources */,
				E5983983EC6ED4078DEC1974 /* ExtensionPropertyOnPlatformClassExample.swift in Sources */,
				E5983A571DEB439D81E1FF66 /* ExtensionPropertyOnUsualClassExample.swift in Sources */,
				E5983E28FAD1444B676E5CAA /* ExtensionPropertyOverCompanionObjectOnPlatformClassExample.swift in Sources */,
				66FD7CEB2B1F6C9E0091EBCD /* CancellationOfFlowsWithKMPNativeCoroutinesExample.swift in Sources */,
				E5983A85FF44D72575E56B9F /* CancellationOfSuspendFunctionsWithKMPNativeCoroutinesExample.swift in Sources */,
				E598312D66A5A0D4DFB0B288 /* FlowsWithKMPNativeCoroutinesExample.swift in Sources */,
			);
			runOnlyForDeploymentPostprocessing = 0;
		};
/* End PBXSourcesBuildPhase section */

/* Begin XCBuildConfiguration section */
		7555FFA3242A565B00829871 /* Debug */ = {
			isa = XCBuildConfiguration;
			buildSettings = {
				ALWAYS_SEARCH_USER_PATHS = NO;
				CLANG_ANALYZER_NONNULL = YES;
				CLANG_ANALYZER_NUMBER_OBJECT_CONVERSION = YES_AGGRESSIVE;
				CLANG_CXX_LANGUAGE_STANDARD = "gnu++14";
				CLANG_CXX_LIBRARY = "libc++";
				CLANG_ENABLE_MODULES = YES;
				CLANG_ENABLE_OBJC_ARC = YES;
				CLANG_ENABLE_OBJC_WEAK = YES;
				CLANG_WARN_BLOCK_CAPTURE_AUTORELEASING = YES;
				CLANG_WARN_BOOL_CONVERSION = YES;
				CLANG_WARN_COMMA = YES;
				CLANG_WARN_CONSTANT_CONVERSION = YES;
				CLANG_WARN_DEPRECATED_OBJC_IMPLEMENTATIONS = YES;
				CLANG_WARN_DIRECT_OBJC_ISA_USAGE = YES_ERROR;
				CLANG_WARN_DOCUMENTATION_COMMENTS = YES;
				CLANG_WARN_EMPTY_BODY = YES;
				CLANG_WARN_ENUM_CONVERSION = YES;
				CLANG_WARN_INFINITE_RECURSION = YES;
				CLANG_WARN_INT_CONVERSION = YES;
				CLANG_WARN_NON_LITERAL_NULL_CONVERSION = YES;
				CLANG_WARN_OBJC_IMPLICIT_RETAIN_SELF = YES;
				CLANG_WARN_OBJC_LITERAL_CONVERSION = YES;
				CLANG_WARN_OBJC_ROOT_CLASS = YES_ERROR;
				CLANG_WARN_QUOTED_INCLUDE_IN_FRAMEWORK_HEADER = YES;
				CLANG_WARN_RANGE_LOOP_ANALYSIS = YES;
				CLANG_WARN_STRICT_PROTOTYPES = YES;
				CLANG_WARN_SUSPICIOUS_MOVE = YES;
				CLANG_WARN_UNGUARDED_AVAILABILITY = YES_AGGRESSIVE;
				CLANG_WARN_UNREACHABLE_CODE = YES;
				CLANG_WARN__DUPLICATE_METHOD_MATCH = YES;
				COPY_PHASE_STRIP = NO;
				DEBUG_INFORMATION_FORMAT = "dwarf-with-dsym";
				ENABLE_STRICT_OBJC_MSGSEND = YES;
				ENABLE_TESTABILITY = YES;
				GCC_C_LANGUAGE_STANDARD = gnu11;
				GCC_DYNAMIC_NO_PIC = NO;
				GCC_NO_COMMON_BLOCKS = YES;
				GCC_OPTIMIZATION_LEVEL = 0;
				GCC_PREPROCESSOR_DEFINITIONS = (
					"DEBUG=1",
					"$(inherited)",
				);
				GCC_WARN_64_TO_32_BIT_CONVERSION = YES;
				GCC_WARN_ABOUT_RETURN_TYPE = YES_ERROR;
				GCC_WARN_UNDECLARED_SELECTOR = YES;
				GCC_WARN_UNINITIALIZED_AUTOS = YES_AGGRESSIVE;
				GCC_WARN_UNUSED_FUNCTION = YES;
				GCC_WARN_UNUSED_VARIABLE = YES;
				IPHONEOS_DEPLOYMENT_TARGET = 14.1;
				MTL_ENABLE_DEBUG_INFO = INCLUDE_SOURCE;
				MTL_FAST_MATH = YES;
				ONLY_ACTIVE_ARCH = YES;
				SDKROOT = iphoneos;
				SWIFT_ACTIVE_COMPILATION_CONDITIONS = DEBUG;
				SWIFT_OPTIMIZATION_LEVEL = "-Onone";
			};
			name = Debug;
		};
		7555FFA4242A565B00829871 /* Release */ = {
			isa = XCBuildConfiguration;
			buildSettings = {
				ALWAYS_SEARCH_USER_PATHS = NO;
				CLANG_ANALYZER_NONNULL = YES;
				CLANG_ANALYZER_NUMBER_OBJECT_CONVERSION = YES_AGGRESSIVE;
				CLANG_CXX_LANGUAGE_STANDARD = "gnu++14";
				CLANG_CXX_LIBRARY = "libc++";
				CLANG_ENABLE_MODULES = YES;
				CLANG_ENABLE_OBJC_ARC = YES;
				CLANG_ENABLE_OBJC_WEAK = YES;
				CLANG_WARN_BLOCK_CAPTURE_AUTORELEASING = YES;
				CLANG_WARN_BOOL_CONVERSION = YES;
				CLANG_WARN_COMMA = YES;
				CLANG_WARN_CONSTANT_CONVERSION = YES;
				CLANG_WARN_DEPRECATED_OBJC_IMPLEMENTATIONS = YES;
				CLANG_WARN_DIRECT_OBJC_ISA_USAGE = YES_ERROR;
				CLANG_WARN_DOCUMENTATION_COMMENTS = YES;
				CLANG_WARN_EMPTY_BODY = YES;
				CLANG_WARN_ENUM_CONVERSION = YES;
				CLANG_WARN_INFINITE_RECURSION = YES;
				CLANG_WARN_INT_CONVERSION = YES;
				CLANG_WARN_NON_LITERAL_NULL_CONVERSION = YES;
				CLANG_WARN_OBJC_IMPLICIT_RETAIN_SELF = YES;
				CLANG_WARN_OBJC_LITERAL_CONVERSION = YES;
				CLANG_WARN_OBJC_ROOT_CLASS = YES_ERROR;
				CLANG_WARN_QUOTED_INCLUDE_IN_FRAMEWORK_HEADER = YES;
				CLANG_WARN_RANGE_LOOP_ANALYSIS = YES;
				CLANG_WARN_STRICT_PROTOTYPES = YES;
				CLANG_WARN_SUSPICIOUS_MOVE = YES;
				CLANG_WARN_UNGUARDED_AVAILABILITY = YES_AGGRESSIVE;
				CLANG_WARN_UNREACHABLE_CODE = YES;
				CLANG_WARN__DUPLICATE_METHOD_MATCH = YES;
				COPY_PHASE_STRIP = NO;
				DEBUG_INFORMATION_FORMAT = "dwarf-with-dsym";
				ENABLE_NS_ASSERTIONS = NO;
				ENABLE_STRICT_OBJC_MSGSEND = YES;
				GCC_C_LANGUAGE_STANDARD = gnu11;
				GCC_NO_COMMON_BLOCKS = YES;
				GCC_WARN_64_TO_32_BIT_CONVERSION = YES;
				GCC_WARN_ABOUT_RETURN_TYPE = YES_ERROR;
				GCC_WARN_UNDECLARED_SELECTOR = YES;
				GCC_WARN_UNINITIALIZED_AUTOS = YES_AGGRESSIVE;
				GCC_WARN_UNUSED_FUNCTION = YES;
				GCC_WARN_UNUSED_VARIABLE = YES;
				IPHONEOS_DEPLOYMENT_TARGET = 14.1;
				MTL_ENABLE_DEBUG_INFO = NO;
				MTL_FAST_MATH = YES;
				SDKROOT = iphoneos;
				SWIFT_COMPILATION_MODE = wholemodule;
				SWIFT_OPTIMIZATION_LEVEL = "-O";
				VALIDATE_PRODUCT = YES;
			};
			name = Release;
		};
		7555FFA6242A565B00829871 /* Debug */ = {
			isa = XCBuildConfiguration;
			buildSettings = {
				ASSETCATALOG_COMPILER_APPICON_NAME = AppIcon;
				CODE_SIGN_STYLE = Automatic;
				DEVELOPMENT_ASSET_PATHS = "\"iosApp/Preview Content\"";
				ENABLE_PREVIEWS = YES;
				FRAMEWORK_SEARCH_PATHS = (
					"$(inherited)",
					"$(SRCROOT)/../shared/build/xcode-frameworks/$(CONFIGURATION)/$(SDK_NAME)",
				);
				INFOPLIST_FILE = iosApp/Info.plist;
				IPHONEOS_DEPLOYMENT_TARGET = 15.0;
				LD_RUNPATH_SEARCH_PATHS = (
					"$(inherited)",
					"@executable_path/Frameworks",
				);
				OTHER_LDFLAGS = (
					"$(inherited)",
					"-framework",
					shared,
				);
				PRODUCT_BUNDLE_IDENTIFIER = orgIdentifier.iosApp;
				PRODUCT_NAME = "$(TARGET_NAME)";
				SWIFT_VERSION = 5.0;
				TARGETED_DEVICE_FAMILY = "1,2";
			};
			name = Debug;
		};
		7555FFA7242A565B00829871 /* Release */ = {
			isa = XCBuildConfiguration;
			buildSettings = {
				ASSETCATALOG_COMPILER_APPICON_NAME = AppIcon;
				CODE_SIGN_STYLE = Automatic;
				DEVELOPMENT_ASSET_PATHS = "\"iosApp/Preview Content\"";
				ENABLE_PREVIEWS = YES;
				FRAMEWORK_SEARCH_PATHS = (
					"$(inherited)",
					"$(SRCROOT)/../shared/build/xcode-frameworks/$(CONFIGURATION)/$(SDK_NAME)",
				);
				INFOPLIST_FILE = iosApp/Info.plist;
				IPHONEOS_DEPLOYMENT_TARGET = 15.0;
				LD_RUNPATH_SEARCH_PATHS = (
					"$(inherited)",
					"@executable_path/Frameworks",
				);
				OTHER_LDFLAGS = (
					"$(inherited)",
					"-framework",
					shared,
				);
				PRODUCT_BUNDLE_IDENTIFIER = orgIdentifier.iosApp;
				PRODUCT_NAME = "$(TARGET_NAME)";
				SWIFT_VERSION = 5.0;
				TARGETED_DEVICE_FAMILY = "1,2";
			};
			name = Release;
		};
/* End XCBuildConfiguration section */

/* Begin XCConfigurationList section */
		7555FF76242A565900829871 /* Build configuration list for PBXProject "iosApp" */ = {
			isa = XCConfigurationList;
			buildConfigurations = (
				7555FFA3242A565B00829871 /* Debug */,
				7555FFA4242A565B00829871 /* Release */,
			);
			defaultConfigurationIsVisible = 0;
			defaultConfigurationName = Release;
		};
		7555FFA5242A565B00829871 /* Build configuration list for PBXNativeTarget "iosApp" */ = {
			isa = XCConfigurationList;
			buildConfigurations = (
				7555FFA6242A565B00829871 /* Debug */,
				7555FFA7242A565B00829871 /* Release */,
			);
			defaultConfigurationIsVisible = 0;
			defaultConfigurationName = Release;
		};
/* End XCConfigurationList section */

/* Begin XCRemoteSwiftPackageReference section */
		66D4CCE92AD6E40F00552E0E /* XCRemoteSwiftPackageReference "KMP-NativeCoroutines" */ = {
			isa = XCRemoteSwiftPackageReference;
			repositoryURL = "https://github.com/rickclephas/KMP-NativeCoroutines.git";
			requirement = {
				branch = master;
				kind = branch;
			};
		};
/* End XCRemoteSwiftPackageReference section */

/* Begin XCSwiftPackageProductDependency section */
		66D4CCEA2AD6E40F00552E0E /* KMPNativeCoroutinesAsync */ = {
			isa = XCSwiftPackageProductDependency;
			package = 66D4CCE92AD6E40F00552E0E /* XCRemoteSwiftPackageReference "KMP-NativeCoroutines" */;
			productName = KMPNativeCoroutinesAsync;
		};
		66D4CCEC2AD6E40F00552E0E /* KMPNativeCoroutinesCombine */ = {
			isa = XCSwiftPackageProductDependency;
			package = 66D4CCE92AD6E40F00552E0E /* XCRemoteSwiftPackageReference "KMP-NativeCoroutines" */;
			productName = KMPNativeCoroutinesCombine;
		};
		66D4CCEE2AD6E40F00552E0E /* KMPNativeCoroutinesCore */ = {
			isa = XCSwiftPackageProductDependency;
			package = 66D4CCE92AD6E40F00552E0E /* XCRemoteSwiftPackageReference "KMP-NativeCoroutines" */;
			productName = KMPNativeCoroutinesCore;
		};
		66D4CCF02AD6E40F00552E0E /* KMPNativeCoroutinesRxSwift */ = {
			isa = XCSwiftPackageProductDependency;
			package = 66D4CCE92AD6E40F00552E0E /* XCRemoteSwiftPackageReference "KMP-NativeCoroutines" */;
			productName = KMPNativeCoroutinesRxSwift;
		};
/* End XCSwiftPackageProductDependency section */
	};
	rootObject = 7555FF73242A565900829871 /* Project object */;
}
